
Microsoft Visual Studio Solution File, Format Version 12.00
# Visual Studio Version 16
VisualStudioVersion = 16.0.31205.134
MinimumVisualStudioVersion = 10.0.40219.1
Project("{FAE04EC0-301F-11D3-BF4B-00C04F79EFBC}") = "SmartSchool.API", "SmartSchool.API\SmartSchool.API.csproj", "{8E2CA7E8-3B68-4A66-84C3-8BC4414C536A}"
EndProject
Global
	GlobalSection(SolutionConfigurationPlatforms) = preSolution
		Debug|Any CPU = Debug|Any CPU
		Release|Any CPU = Release|Any CPU
	EndGlobalSection
	GlobalSection(ProjectConfigurationPlatforms) = postSolution
		{8E2CA7E8-3B68-4A66-84C3-8BC4414C536A}.Debug|Any CPU.ActiveCfg = Debug|Any CPU
		{8E2CA7E8-3B68-4A66-84C3-8BC4414C536A}.Debug|Any CPU.Build.0 = Debug|Any CPU
		{8E2CA7E8-3B68-4A66-84C3-8BC4414C536A}.Release|Any CPU.ActiveCfg = Release|Any CPU
		{8E2CA7E8-3B68-4A66-84C3-8BC4414C536A}.Release|Any CPU.Build.0 = Release|Any CPU
	EndGlobalSection
	GlobalSection(SolutionProperties) = preSolution
		HideSolutionNode = FALSE
	EndGlobalSection
	GlobalSection(ExtensibilityGlobals) = postSolution
		SolutionGuid = {3584E518-CA7E-4D01-B3CA-EB438F024588}
	EndGlobalSection
EndGlobal
